{
  "name": "third-gen-message-formatter-ran2",
  "version": "1.0.2",
  "lockfileVersion": 1,
  "requires": true,
  "dependencies": {
    "readline-sync": {
      "version": "1.4.9",
      "resolved": "https://registry.npmjs.org/readline-sync/-/readline-sync-1.4.9.tgz",
      "integrity": "sha1-PtqOZfI80qF+YTAbHwADOWr17No="
    },
    "third-gen-asn1-parser": {
      "version": "1.0.1",
      "resolved": "https://registry.npmjs.org/third-gen-asn1-parser/-/third-gen-asn1-parser-1.0.1.tgz",
      "integrity": "sha512-JzvCS3uZGjQunusPMSddF/iOGu3sDWdgJbJwDWW+nwMbO2iFZ6EX4y7zHkb1AWttgX22XOsW9/Yrfq9DHnCXCg=="
    }
  }
}
