{
  "name": "3gpp-message-formatter-ran2",
  "requires": true,
  "lockfileVersion": 1,
  "dependencies": {
    "third-gen-asn1-parser": {
      "version": "1.0.1",
      "resolved": "https://registry.npmjs.org/third-gen-asn1-parser/-/third-gen-asn1-parser-1.0.1.tgz",
      "integrity": "sha512-JzvCS3uZGjQunusPMSddF/iOGu3sDWdgJbJwDWW+nwMbO2iFZ6EX4y7zHkb1AWttgX22XOsW9/Yrfq9DHnCXCg=="
    }
  }
}
